// !$*UTF8*$!
{
	archiveVersion = 1;
	classes = {
	};
	objectVersion = 56;
	objects = {

/* Begin PBXBuildFile section */
		203808C92B3ECE4500E6C05A /* SmallNewsCell.swift in Sources */ = {isa = PBXBuildFile; fileRef = 203808C82B3ECE4500E6C05A /* SmallNewsCell.swift */; };
		203808CC2B40193D00E6C05A /* Alamofire in Frameworks */ = {isa = PBXBuildFile; productRef = 203808CB2B40193D00E6C05A /* Alamofire */; };
		203808CE2B40194200E6C05A /* FeedKit in Frameworks */ = {isa = PBXBuildFile; productRef = 203808CD2B40194200E6C05A /* FeedKit */; };
		203808D02B40194700E6C05A /* SDWebImage in Frameworks */ = {isa = PBXBuildFile; productRef = 203808CF2B40194700E6C05A /* SDWebImage */; };
		203808D62B40199300E6C05A /* Alamofire in Frameworks */ = {isa = PBXBuildFile; productRef = 203808D52B40199300E6C05A /* Alamofire */; };
		203808D82B40199800E6C05A /* FeedKit in Frameworks */ = {isa = PBXBuildFile; productRef = 203808D72B40199800E6C05A /* FeedKit */; };
		203808DA2B4019A200E6C05A /* SDWebImage in Frameworks */ = {isa = PBXBuildFile; productRef = 203808D92B4019A200E6C05A /* SDWebImage */; };
		203808DC2B4019A900E6C05A /* SDWebImageMapKit in Frameworks */ = {isa = PBXBuildFile; productRef = 203808DB2B4019A900E6C05A /* SDWebImageMapKit */; };
		20D834D62B286767001E2FE8 /* AppDelegate.swift in Sources */ = {isa = PBXBuildFile; fileRef = 20D834D52B286767001E2FE8 /* AppDelegate.swift */; };
		20D834D82B286767001E2FE8 /* SceneDelegate.swift in Sources */ = {isa = PBXBuildFile; fileRef = 20D834D72B286767001E2FE8 /* SceneDelegate.swift */; };
		20D834DA2B286767001E2FE8 /* TabBarController.swift in Sources */ = {isa = PBXBuildFile; fileRef = 20D834D92B286767001E2FE8 /* TabBarController.swift */; };
		20D834DF2B286769001E2FE8 /* Assets.xcassets in Resources */ = {isa = PBXBuildFile; fileRef = 20D834DE2B286769001E2FE8 /* Assets.xcassets */; };
		20D834E22B286769001E2FE8 /* LaunchScreen.storyboard in Resources */ = {isa = PBXBuildFile; fileRef = 20D834E02B286769001E2FE8 /* LaunchScreen.storyboard */; };
		20D834ED2B28676A001E2FE8 /* NewsFeedTests.swift in Sources */ = {isa = PBXBuildFile; fileRef = 20D834EC2B28676A001E2FE8 /* NewsFeedTests.swift */; };
		20D834F72B28676A001E2FE8 /* NewsFeedUITests.swift in Sources */ = {isa = PBXBuildFile; fileRef = 20D834F62B28676A001E2FE8 /* NewsFeedUITests.swift */; };
		20D8350D2B28889C001E2FE8 /* ImageConstants.swift in Sources */ = {isa = PBXBuildFile; fileRef = 20D8350C2B28889C001E2FE8 /* ImageConstants.swift */; };
		20D8350F2B288A97001E2FE8 /* TitleConstants.swift in Sources */ = {isa = PBXBuildFile; fileRef = 20D8350E2B288A97001E2FE8 /* TitleConstants.swift */; };
		20D835112B288B4B001E2FE8 /* NewsListViewController.swift in Sources */ = {isa = PBXBuildFile; fileRef = 20D835102B288B4B001E2FE8 /* NewsListViewController.swift */; };
		20D835132B288CA4001E2FE8 /* SearchViewController.swift in Sources */ = {isa = PBXBuildFile; fileRef = 20D835122B288CA4001E2FE8 /* SearchViewController.swift */; };
		20D835152B288D47001E2FE8 /* SavedViewController.swift in Sources */ = {isa = PBXBuildFile; fileRef = 20D835142B288D47001E2FE8 /* SavedViewController.swift */; };
		20D835172B288DC7001E2FE8 /* BellViewController.swift in Sources */ = {isa = PBXBuildFile; fileRef = 20D835162B288DC7001E2FE8 /* BellViewController.swift */; };
		20D835192B289838001E2FE8 /* Color+Extension.swift in Sources */ = {isa = PBXBuildFile; fileRef = 20D835182B289838001E2FE8 /* Color+Extension.swift */; };
		20D8351B2B2907D4001E2FE8 /* NavigationController+Extension.swift in Sources */ = {isa = PBXBuildFile; fileRef = 20D8351A2B2907D4001E2FE8 /* NavigationController+Extension.swift */; };
		20D835222B2A5E10001E2FE8 /* NewsReadViewController.swift in Sources */ = {isa = PBXBuildFile; fileRef = 20D835212B2A5E10001E2FE8 /* NewsReadViewController.swift */; };
		20D835272B2B35D6001E2FE8 /* Alamofire in Frameworks */ = {isa = PBXBuildFile; productRef = 20D835262B2B35D6001E2FE8 /* Alamofire */; };
		20D8352A2B2B3739001E2FE8 /* NetworkManager.swift in Sources */ = {isa = PBXBuildFile; fileRef = 20D835292B2B3739001E2FE8 /* NetworkManager.swift */; };
		20D8352C2B2B5B59001E2FE8 /* RSSModel.swift in Sources */ = {isa = PBXBuildFile; fileRef = 20D8352B2B2B5B59001E2FE8 /* RSSModel.swift */; };
		20D8352E2B2B69F4001E2FE8 /* NewsListViewModel.swift in Sources */ = {isa = PBXBuildFile; fileRef = 20D8352D2B2B69F4001E2FE8 /* NewsListViewModel.swift */; };
		20D835332B2CF79A001E2FE8 /* FeedKit in Frameworks */ = {isa = PBXBuildFile; productRef = 20D835322B2CF79A001E2FE8 /* FeedKit */; };
		9C026D932B3F5A1400673BC2 /* NativeAdViewProg.swift in Sources */ = {isa = PBXBuildFile; fileRef = 9C026D922B3F5A1400673BC2 /* NativeAdViewProg.swift */; };
		9C06460F2B3DB5DD00A36AE8 /* NetworkMonitor.swift in Sources */ = {isa = PBXBuildFile; fileRef = 9C06460E2B3DB5DD00A36AE8 /* NetworkMonitor.swift */; };
		9C0646112B3DFEFC00A36AE8 /* NewsCellShort.swift in Sources */ = {isa = PBXBuildFile; fileRef = 9C0646102B3DFEFC00A36AE8 /* NewsCellShort.swift */; };
		9C0646132B3DFF0D00A36AE8 /* NewsCellFull.swift in Sources */ = {isa = PBXBuildFile; fileRef = 9C0646122B3DFF0D00A36AE8 /* NewsCellFull.swift */; };
		9C0646152B3DFF1800A36AE8 /* NewsCellMedium.swift in Sources */ = {isa = PBXBuildFile; fileRef = 9C0646142B3DFF1800A36AE8 /* NewsCellMedium.swift */; };
		9C0646172B3EE50F00A36AE8 /* SearchViewModel.swift in Sources */ = {isa = PBXBuildFile; fileRef = 9C0646162B3EE50F00A36AE8 /* SearchViewModel.swift */; };
		9C06461C2B3F156A00A36AE8 /* AdGoogleCell.swift in Sources */ = {isa = PBXBuildFile; fileRef = 9C06461B2B3F156A00A36AE8 /* AdGoogleCell.swift */; };
		9C0646202B3F250C00A36AE8 /* GoogleAdManager.swift in Sources */ = {isa = PBXBuildFile; fileRef = 9C06461F2B3F250C00A36AE8 /* GoogleAdManager.swift */; };
		9C07503F2B2EE45A00B0025E /* RssSourse.swift in Sources */ = {isa = PBXBuildFile; fileRef = 9C07503E2B2EE45A00B0025E /* RssSourse.swift */; };
		9C0750412B2EF4D300B0025E /* Date+Extension.swift in Sources */ = {isa = PBXBuildFile; fileRef = 9C0750402B2EF4D300B0025E /* Date+Extension.swift */; };
		9C3C64FD2B2F550C00FF7594 /* NetworkErrors.swift in Sources */ = {isa = PBXBuildFile; fileRef = 9C3C64FC2B2F550C00FF7594 /* NetworkErrors.swift */; };
		9C3C64FF2B2F72EB00FF7594 /* String+Extension.swift in Sources */ = {isa = PBXBuildFile; fileRef = 9C3C64FE2B2F72EB00FF7594 /* String+Extension.swift */; };
		9C3C65062B30508700FF7594 /* NewsFeed.xcdatamodeld in Sources */ = {isa = PBXBuildFile; fileRef = 9C3C65042B30508700FF7594 /* NewsFeed.xcdatamodeld */; };
		9C3C65092B30526900FF7594 /* RssItem+CoreDataClass.swift in Sources */ = {isa = PBXBuildFile; fileRef = 9C3C65072B30526900FF7594 /* RssItem+CoreDataClass.swift */; };
		9C3C650C2B30616800FF7594 /* CoreDataManager.swift in Sources */ = {isa = PBXBuildFile; fileRef = 9C3C650B2B30616800FF7594 /* CoreDataManager.swift */; };
		9C3C650E2B308D7A00FF7594 /* SavedVCViewModel.swift in Sources */ = {isa = PBXBuildFile; fileRef = 9C3C650D2B308D7A00FF7594 /* SavedVCViewModel.swift */; };
		9CCA563E2B442C1800635980 /* GoogleMobileAds in Frameworks */ = {isa = PBXBuildFile; productRef = 9CCA563D2B442C1800635980 /* GoogleMobileAds */; };
		9CCA56402B442C7C00635980 /* CoreDataTests.swift in Sources */ = {isa = PBXBuildFile; fileRef = 9CCA563F2B442C7C00635980 /* CoreDataTests.swift */; };
		9CCA56422B44436800635980 /* BaseCell.swift in Sources */ = {isa = PBXBuildFile; fileRef = 9CCA56412B44436800635980 /* BaseCell.swift */; };
		9CD590A02B2F00C7008D4F76 /* SDWebImage in Frameworks */ = {isa = PBXBuildFile; productRef = 9CD5909F2B2F00C7008D4F76 /* SDWebImage */; };
		9CD590A22B2F00C7008D4F76 /* SDWebImageMapKit in Frameworks */ = {isa = PBXBuildFile; productRef = 9CD590A12B2F00C7008D4F76 /* SDWebImageMapKit */; };
/* End PBXBuildFile section */

/* Begin PBXContainerItemProxy section */
		20D834E92B28676A001E2FE8 /* PBXContainerItemProxy */ = {
			isa = PBXContainerItemProxy;
			containerPortal = 20D834CA2B286767001E2FE8 /* Project object */;
			proxyType = 1;
			remoteGlobalIDString = 20D834D12B286767001E2FE8;
			remoteInfo = NewsFeed;
		};
		20D834F32B28676A001E2FE8 /* PBXContainerItemProxy */ = {
			isa = PBXContainerItemProxy;
			containerPortal = 20D834CA2B286767001E2FE8 /* Project object */;
			proxyType = 1;
			remoteGlobalIDString = 20D834D12B286767001E2FE8;
			remoteInfo = NewsFeed;
		};
/* End PBXContainerItemProxy section */

/* Begin PBXFileReference section */
		203808C82B3ECE4500E6C05A /* SmallNewsCell.swift */ = {isa = PBXFileReference; fileEncoding = 4; lastKnownFileType = sourcecode.swift; path = SmallNewsCell.swift; sourceTree = "<group>"; };
		20D834D22B286767001E2FE8 /* NewsFeed.app */ = {isa = PBXFileReference; explicitFileType = wrapper.application; includeInIndex = 0; path = NewsFeed.app; sourceTree = BUILT_PRODUCTS_DIR; };
		20D834D52B286767001E2FE8 /* AppDelegate.swift */ = {isa = PBXFileReference; lastKnownFileType = sourcecode.swift; path = AppDelegate.swift; sourceTree = "<group>"; };
		20D834D72B286767001E2FE8 /* SceneDelegate.swift */ = {isa = PBXFileReference; lastKnownFileType = sourcecode.swift; path = SceneDelegate.swift; sourceTree = "<group>"; };
		20D834D92B286767001E2FE8 /* TabBarController.swift */ = {isa = PBXFileReference; lastKnownFileType = sourcecode.swift; path = TabBarController.swift; sourceTree = "<group>"; };
		20D834DE2B286769001E2FE8 /* Assets.xcassets */ = {isa = PBXFileReference; lastKnownFileType = folder.assetcatalog; path = Assets.xcassets; sourceTree = "<group>"; };
		20D834E12B286769001E2FE8 /* Base */ = {isa = PBXFileReference; lastKnownFileType = file.storyboard; name = Base; path = Base.lproj/LaunchScreen.storyboard; sourceTree = "<group>"; };
		20D834E32B286769001E2FE8 /* Info.plist */ = {isa = PBXFileReference; lastKnownFileType = text.plist.xml; path = Info.plist; sourceTree = "<group>"; };
		20D834E82B28676A001E2FE8 /* NewsFeedTests.xctest */ = {isa = PBXFileReference; explicitFileType = wrapper.cfbundle; includeInIndex = 0; path = NewsFeedTests.xctest; sourceTree = BUILT_PRODUCTS_DIR; };
		20D834EC2B28676A001E2FE8 /* NewsFeedTests.swift */ = {isa = PBXFileReference; lastKnownFileType = sourcecode.swift; path = NewsFeedTests.swift; sourceTree = "<group>"; };
		20D834F22B28676A001E2FE8 /* NewsFeedUITests.xctest */ = {isa = PBXFileReference; explicitFileType = wrapper.cfbundle; includeInIndex = 0; path = NewsFeedUITests.xctest; sourceTree = BUILT_PRODUCTS_DIR; };
		20D834F62B28676A001E2FE8 /* NewsFeedUITests.swift */ = {isa = PBXFileReference; lastKnownFileType = sourcecode.swift; path = NewsFeedUITests.swift; sourceTree = "<group>"; };
		20D8350C2B28889C001E2FE8 /* ImageConstants.swift */ = {isa = PBXFileReference; lastKnownFileType = sourcecode.swift; path = ImageConstants.swift; sourceTree = "<group>"; };
		20D8350E2B288A97001E2FE8 /* TitleConstants.swift */ = {isa = PBXFileReference; lastKnownFileType = sourcecode.swift; path = TitleConstants.swift; sourceTree = "<group>"; };
		20D835102B288B4B001E2FE8 /* NewsListViewController.swift */ = {isa = PBXFileReference; lastKnownFileType = sourcecode.swift; path = NewsListViewController.swift; sourceTree = "<group>"; };
		20D835122B288CA4001E2FE8 /* SearchViewController.swift */ = {isa = PBXFileReference; lastKnownFileType = sourcecode.swift; path = SearchViewController.swift; sourceTree = "<group>"; };
		20D835142B288D47001E2FE8 /* SavedViewController.swift */ = {isa = PBXFileReference; lastKnownFileType = sourcecode.swift; path = SavedViewController.swift; sourceTree = "<group>"; };
		20D835162B288DC7001E2FE8 /* BellViewController.swift */ = {isa = PBXFileReference; lastKnownFileType = sourcecode.swift; path = BellViewController.swift; sourceTree = "<group>"; };
		20D835182B289838001E2FE8 /* Color+Extension.swift */ = {isa = PBXFileReference; lastKnownFileType = sourcecode.swift; path = "Color+Extension.swift"; sourceTree = "<group>"; };
		20D8351A2B2907D4001E2FE8 /* NavigationController+Extension.swift */ = {isa = PBXFileReference; lastKnownFileType = sourcecode.swift; path = "NavigationController+Extension.swift"; sourceTree = "<group>"; };
		20D835212B2A5E10001E2FE8 /* NewsReadViewController.swift */ = {isa = PBXFileReference; lastKnownFileType = sourcecode.swift; path = NewsReadViewController.swift; sourceTree = "<group>"; };
		20D835292B2B3739001E2FE8 /* NetworkManager.swift */ = {isa = PBXFileReference; lastKnownFileType = sourcecode.swift; path = NetworkManager.swift; sourceTree = "<group>"; };
		20D8352B2B2B5B59001E2FE8 /* RSSModel.swift */ = {isa = PBXFileReference; lastKnownFileType = sourcecode.swift; path = RSSModel.swift; sourceTree = "<group>"; };
		20D8352D2B2B69F4001E2FE8 /* NewsListViewModel.swift */ = {isa = PBXFileReference; lastKnownFileType = sourcecode.swift; path = NewsListViewModel.swift; sourceTree = "<group>"; };
		9C026D922B3F5A1400673BC2 /* NativeAdViewProg.swift */ = {isa = PBXFileReference; lastKnownFileType = sourcecode.swift; path = NativeAdViewProg.swift; sourceTree = "<group>"; };
		9C06460E2B3DB5DD00A36AE8 /* NetworkMonitor.swift */ = {isa = PBXFileReference; lastKnownFileType = sourcecode.swift; path = NetworkMonitor.swift; sourceTree = "<group>"; };
		9C0646102B3DFEFC00A36AE8 /* NewsCellShort.swift */ = {isa = PBXFileReference; lastKnownFileType = sourcecode.swift; path = NewsCellShort.swift; sourceTree = "<group>"; };
		9C0646122B3DFF0D00A36AE8 /* NewsCellFull.swift */ = {isa = PBXFileReference; lastKnownFileType = sourcecode.swift; path = NewsCellFull.swift; sourceTree = "<group>"; };
		9C0646142B3DFF1800A36AE8 /* NewsCellMedium.swift */ = {isa = PBXFileReference; lastKnownFileType = sourcecode.swift; path = NewsCellMedium.swift; sourceTree = "<group>"; };
		9C0646162B3EE50F00A36AE8 /* SearchViewModel.swift */ = {isa = PBXFileReference; lastKnownFileType = sourcecode.swift; path = SearchViewModel.swift; sourceTree = "<group>"; };
		9C06461B2B3F156A00A36AE8 /* AdGoogleCell.swift */ = {isa = PBXFileReference; lastKnownFileType = sourcecode.swift; path = AdGoogleCell.swift; sourceTree = "<group>"; };
		9C06461F2B3F250C00A36AE8 /* GoogleAdManager.swift */ = {isa = PBXFileReference; lastKnownFileType = sourcecode.swift; path = GoogleAdManager.swift; sourceTree = "<group>"; };
		9C07503E2B2EE45A00B0025E /* RssSourse.swift */ = {isa = PBXFileReference; lastKnownFileType = sourcecode.swift; path = RssSourse.swift; sourceTree = "<group>"; };
		9C0750402B2EF4D300B0025E /* Date+Extension.swift */ = {isa = PBXFileReference; lastKnownFileType = sourcecode.swift; path = "Date+Extension.swift"; sourceTree = "<group>"; };
		9C3C64FC2B2F550C00FF7594 /* NetworkErrors.swift */ = {isa = PBXFileReference; lastKnownFileType = sourcecode.swift; path = NetworkErrors.swift; sourceTree = "<group>"; };
		9C3C64FE2B2F72EB00FF7594 /* String+Extension.swift */ = {isa = PBXFileReference; lastKnownFileType = sourcecode.swift; path = "String+Extension.swift"; sourceTree = "<group>"; };
		9C3C65052B30508700FF7594 /* NewsFeed.xcdatamodel */ = {isa = PBXFileReference; lastKnownFileType = wrapper.xcdatamodel; path = NewsFeed.xcdatamodel; sourceTree = "<group>"; };
		9C3C65072B30526900FF7594 /* RssItem+CoreDataClass.swift */ = {isa = PBXFileReference; lastKnownFileType = sourcecode.swift; path = "RssItem+CoreDataClass.swift"; sourceTree = "<group>"; };
		9C3C650B2B30616800FF7594 /* CoreDataManager.swift */ = {isa = PBXFileReference; lastKnownFileType = sourcecode.swift; path = CoreDataManager.swift; sourceTree = "<group>"; };
		9C3C650D2B308D7A00FF7594 /* SavedVCViewModel.swift */ = {isa = PBXFileReference; lastKnownFileType = sourcecode.swift; path = SavedVCViewModel.swift; sourceTree = "<group>"; };
		9CCA563B2B44299700635980 /* NewsFeed.xctestplan */ = {isa = PBXFileReference; lastKnownFileType = text; path = NewsFeed.xctestplan; sourceTree = "<group>"; };
		9CCA563F2B442C7C00635980 /* CoreDataTests.swift */ = {isa = PBXFileReference; lastKnownFileType = sourcecode.swift; path = CoreDataTests.swift; sourceTree = "<group>"; };
		9CCA56412B44436800635980 /* BaseCell.swift */ = {isa = PBXFileReference; lastKnownFileType = sourcecode.swift; path = BaseCell.swift; sourceTree = "<group>"; };
/* End PBXFileReference section */

/* Begin PBXFrameworksBuildPhase section */
		20D834CF2B286767001E2FE8 /* Frameworks */ = {
			isa = PBXFrameworksBuildPhase;
			buildActionMask = 2147483647;
			files = (
				9CD590A02B2F00C7008D4F76 /* SDWebImage in Frameworks */,
				20D835272B2B35D6001E2FE8 /* Alamofire in Frameworks */,
				9CCA563E2B442C1800635980 /* GoogleMobileAds in Frameworks */,
				9CD590A22B2F00C7008D4F76 /* SDWebImageMapKit in Frameworks */,
				20D835332B2CF79A001E2FE8 /* FeedKit in Frameworks */,
			);
			runOnlyForDeploymentPostprocessing = 0;
		};
		20D834E52B28676A001E2FE8 /* Frameworks */ = {
			isa = PBXFrameworksBuildPhase;
			buildActionMask = 2147483647;
			files = (
				203808D02B40194700E6C05A /* SDWebImage in Frameworks */,
				203808CC2B40193D00E6C05A /* Alamofire in Frameworks */,
				203808CE2B40194200E6C05A /* FeedKit in Frameworks */,
			);
			runOnlyForDeploymentPostprocessing = 0;
		};
		20D834EF2B28676A001E2FE8 /* Frameworks */ = {
			isa = PBXFrameworksBuildPhase;
			buildActionMask = 2147483647;
			files = (
				203808DA2B4019A200E6C05A /* SDWebImage in Frameworks */,
				203808D62B40199300E6C05A /* Alamofire in Frameworks */,
				203808DC2B4019A900E6C05A /* SDWebImageMapKit in Frameworks */,
				203808D82B40199800E6C05A /* FeedKit in Frameworks */,
			);
			runOnlyForDeploymentPostprocessing = 0;
		};
/* End PBXFrameworksBuildPhase section */

/* Begin PBXGroup section */
		203808CA2B40193D00E6C05A /* Frameworks */ = {
			isa = PBXGroup;
			children = (
			);
			name = Frameworks;
			sourceTree = "<group>";
		};
		20D834C92B286767001E2FE8 = {
			isa = PBXGroup;
			children = (
				9CCA563B2B44299700635980 /* NewsFeed.xctestplan */,
				20D834D42B286767001E2FE8 /* NewsFeed */,
				20D834EB2B28676A001E2FE8 /* NewsFeedTests */,
				20D834F52B28676A001E2FE8 /* NewsFeedUITests */,
				20D834D32B286767001E2FE8 /* Products */,
				203808CA2B40193D00E6C05A /* Frameworks */,
			);
			sourceTree = "<group>";
		};
		20D834D32B286767001E2FE8 /* Products */ = {
			isa = PBXGroup;
			children = (
				20D834D22B286767001E2FE8 /* NewsFeed.app */,
				20D834E82B28676A001E2FE8 /* NewsFeedTests.xctest */,
				20D834F22B28676A001E2FE8 /* NewsFeedUITests.xctest */,
			);
			name = Products;
			sourceTree = "<group>";
		};
		20D834D42B286767001E2FE8 /* NewsFeed */ = {
			isa = PBXGroup;
			children = (
				20D835052B286A2E001E2FE8 /* Applications */,
				9C3C65032B30505100FF7594 /* CoreData */,
				20D835062B286A58001E2FE8 /* Constants */,
				20D8351E2B29DE1C001E2FE8 /* Cells */,
				20D835072B286A72001E2FE8 /* Helpers */,
				20D835282B2B36EE001E2FE8 /* Managers */,
				20D835082B286A91001E2FE8 /* Models */,
				20D8350A2B286B2A001E2FE8 /* ViewModels */,
				20D835092B286AB1001E2FE8 /* Views */,
				20D8350B2B286B73001E2FE8 /* Resourses */,
			);
			path = NewsFeed;
			sourceTree = "<group>";
		};
		20D834EB2B28676A001E2FE8 /* NewsFeedTests */ = {
			isa = PBXGroup;
			children = (
				20D834EC2B28676A001E2FE8 /* NewsFeedTests.swift */,
				9CCA563F2B442C7C00635980 /* CoreDataTests.swift */,
			);
			path = NewsFeedTests;
			sourceTree = "<group>";
		};
		20D834F52B28676A001E2FE8 /* NewsFeedUITests */ = {
			isa = PBXGroup;
			children = (
				20D834F62B28676A001E2FE8 /* NewsFeedUITests.swift */,
			);
			path = NewsFeedUITests;
			sourceTree = "<group>";
		};
		20D835052B286A2E001E2FE8 /* Applications */ = {
			isa = PBXGroup;
			children = (
				20D834D52B286767001E2FE8 /* AppDelegate.swift */,
				20D834D72B286767001E2FE8 /* SceneDelegate.swift */,
			);
			path = Applications;
			sourceTree = "<group>";
		};
		20D835062B286A58001E2FE8 /* Constants */ = {
			isa = PBXGroup;
			children = (
				20D8350C2B28889C001E2FE8 /* ImageConstants.swift */,
				20D8350E2B288A97001E2FE8 /* TitleConstants.swift */,
			);
			path = Constants;
			sourceTree = "<group>";
		};
		20D835072B286A72001E2FE8 /* Helpers */ = {
			isa = PBXGroup;
			children = (
				20D835182B289838001E2FE8 /* Color+Extension.swift */,
				20D8351A2B2907D4001E2FE8 /* NavigationController+Extension.swift */,
				9C07503E2B2EE45A00B0025E /* RssSourse.swift */,
				9C0750402B2EF4D300B0025E /* Date+Extension.swift */,
				9C3C64FC2B2F550C00FF7594 /* NetworkErrors.swift */,
				9C3C64FE2B2F72EB00FF7594 /* String+Extension.swift */,
				9C026D922B3F5A1400673BC2 /* NativeAdViewProg.swift */,
			);
			path = Helpers;
			sourceTree = "<group>";
		};
		20D835082B286A91001E2FE8 /* Models */ = {
			isa = PBXGroup;
			children = (
				20D8352B2B2B5B59001E2FE8 /* RSSModel.swift */,
			);
			path = Models;
			sourceTree = "<group>";
		};
		20D835092B286AB1001E2FE8 /* Views */ = {
			isa = PBXGroup;
			children = (
				20D834D92B286767001E2FE8 /* TabBarController.swift */,
				20D835102B288B4B001E2FE8 /* NewsListViewController.swift */,
				20D835122B288CA4001E2FE8 /* SearchViewController.swift */,
				20D835162B288DC7001E2FE8 /* BellViewController.swift */,
				20D835142B288D47001E2FE8 /* SavedViewController.swift */,
				20D835212B2A5E10001E2FE8 /* NewsReadViewController.swift */,
			);
			path = Views;
			sourceTree = "<group>";
		};
		20D8350A2B286B2A001E2FE8 /* ViewModels */ = {
			isa = PBXGroup;
			children = (
				20D8352D2B2B69F4001E2FE8 /* NewsListViewModel.swift */,
				9C3C650D2B308D7A00FF7594 /* SavedVCViewModel.swift */,
				9C0646162B3EE50F00A36AE8 /* SearchViewModel.swift */,
			);
			path = ViewModels;
			sourceTree = "<group>";
		};
		20D8350B2B286B73001E2FE8 /* Resourses */ = {
			isa = PBXGroup;
			children = (
				20D834DE2B286769001E2FE8 /* Assets.xcassets */,
				20D834E02B286769001E2FE8 /* LaunchScreen.storyboard */,
				20D834E32B286769001E2FE8 /* Info.plist */,
			);
			path = Resourses;
			sourceTree = "<group>";
		};
		20D8351E2B29DE1C001E2FE8 /* Cells */ = {
			isa = PBXGroup;
			children = (
				9CCA56412B44436800635980 /* BaseCell.swift */,
				9C0646102B3DFEFC00A36AE8 /* NewsCellShort.swift */,
				9C0646122B3DFF0D00A36AE8 /* NewsCellFull.swift */,
				9C0646142B3DFF1800A36AE8 /* NewsCellMedium.swift */,
				203808C82B3ECE4500E6C05A /* SmallNewsCell.swift */,
				9C06461B2B3F156A00A36AE8 /* AdGoogleCell.swift */,
			);
			path = Cells;
			sourceTree = "<group>";
		};
		20D835282B2B36EE001E2FE8 /* Managers */ = {
			isa = PBXGroup;
			children = (
				20D835292B2B3739001E2FE8 /* NetworkManager.swift */,
				9C06460E2B3DB5DD00A36AE8 /* NetworkMonitor.swift */,
				9C06461F2B3F250C00A36AE8 /* GoogleAdManager.swift */,
			);
			path = Managers;
			sourceTree = "<group>";
		};
		9C3C65032B30505100FF7594 /* CoreData */ = {
			isa = PBXGroup;
			children = (
				9C3C65072B30526900FF7594 /* RssItem+CoreDataClass.swift */,
				9C3C65042B30508700FF7594 /* NewsFeed.xcdatamodeld */,
				9C3C650B2B30616800FF7594 /* CoreDataManager.swift */,
			);
			path = CoreData;
			sourceTree = "<group>";
		};
/* End PBXGroup section */

/* Begin PBXNativeTarget section */
		20D834D12B286767001E2FE8 /* NewsFeed */ = {
			isa = PBXNativeTarget;
			buildConfigurationList = 20D834FC2B28676A001E2FE8 /* Build configuration list for PBXNativeTarget "NewsFeed" */;
			buildPhases = (
				20D834CE2B286767001E2FE8 /* Sources */,
				20D834CF2B286767001E2FE8 /* Frameworks */,
				20D834D02B286767001E2FE8 /* Resources */,
			);
			buildRules = (
			);
			dependencies = (
			);
			name = NewsFeed;
			packageProductDependencies = (
				20D835262B2B35D6001E2FE8 /* Alamofire */,
				20D835322B2CF79A001E2FE8 /* FeedKit */,
				9CD5909F2B2F00C7008D4F76 /* SDWebImage */,
				9CD590A12B2F00C7008D4F76 /* SDWebImageMapKit */,
				9CCA563D2B442C1800635980 /* GoogleMobileAds */,
			);
			productName = NewsFeed;
			productReference = 20D834D22B286767001E2FE8 /* NewsFeed.app */;
			productType = "com.apple.product-type.application";
		};
		20D834E72B28676A001E2FE8 /* NewsFeedTests */ = {
			isa = PBXNativeTarget;
			buildConfigurationList = 20D834FF2B28676A001E2FE8 /* Build configuration list for PBXNativeTarget "NewsFeedTests" */;
			buildPhases = (
				20D834E42B28676A001E2FE8 /* Sources */,
				20D834E52B28676A001E2FE8 /* Frameworks */,
				20D834E62B28676A001E2FE8 /* Resources */,
			);
			buildRules = (
			);
			dependencies = (
				20D834EA2B28676A001E2FE8 /* PBXTargetDependency */,
			);
			name = NewsFeedTests;
			packageProductDependencies = (
				203808CB2B40193D00E6C05A /* Alamofire */,
				203808CD2B40194200E6C05A /* FeedKit */,
				203808CF2B40194700E6C05A /* SDWebImage */,
			);
			productName = NewsFeedTests;
			productReference = 20D834E82B28676A001E2FE8 /* NewsFeedTests.xctest */;
			productType = "com.apple.product-type.bundle.unit-test";
		};
		20D834F12B28676A001E2FE8 /* NewsFeedUITests */ = {
			isa = PBXNativeTarget;
			buildConfigurationList = 20D835022B28676A001E2FE8 /* Build configuration list for PBXNativeTarget "NewsFeedUITests" */;
			buildPhases = (
				20D834EE2B28676A001E2FE8 /* Sources */,
				20D834EF2B28676A001E2FE8 /* Frameworks */,
				20D834F02B28676A001E2FE8 /* Resources */,
			);
			buildRules = (
			);
			dependencies = (
				20D834F42B28676A001E2FE8 /* PBXTargetDependency */,
			);
			name = NewsFeedUITests;
			packageProductDependencies = (
				203808D52B40199300E6C05A /* Alamofire */,
				203808D72B40199800E6C05A /* FeedKit */,
				203808D92B4019A200E6C05A /* SDWebImage */,
				203808DB2B4019A900E6C05A /* SDWebImageMapKit */,
			);
			productName = NewsFeedUITests;
			productReference = 20D834F22B28676A001E2FE8 /* NewsFeedUITests.xctest */;
			productType = "com.apple.product-type.bundle.ui-testing";
		};
/* End PBXNativeTarget section */

/* Begin PBXProject section */
		20D834CA2B286767001E2FE8 /* Project object */ = {
			isa = PBXProject;
			attributes = {
				BuildIndependentTargetsInParallel = 1;
				LastSwiftUpdateCheck = 1500;
				LastUpgradeCheck = 1500;
				TargetAttributes = {
					20D834D12B286767001E2FE8 = {
						CreatedOnToolsVersion = 15.0.1;
					};
					20D834E72B28676A001E2FE8 = {
						CreatedOnToolsVersion = 15.0.1;
						TestTargetID = 20D834D12B286767001E2FE8;
					};
					20D834F12B28676A001E2FE8 = {
						CreatedOnToolsVersion = 15.0.1;
						TestTargetID = 20D834D12B286767001E2FE8;
					};
				};
			};
			buildConfigurationList = 20D834CD2B286767001E2FE8 /* Build configuration list for PBXProject "NewsFeed" */;
			compatibilityVersion = "Xcode 14.0";
			developmentRegion = en;
			hasScannedForEncodings = 0;
			knownRegions = (
				en,
				Base,
			);
			mainGroup = 20D834C92B286767001E2FE8;
			packageReferences = (
				20D835252B2B35D6001E2FE8 /* XCRemoteSwiftPackageReference "Alamofire" */,
				20D835312B2CF79A001E2FE8 /* XCRemoteSwiftPackageReference "FeedKit" */,
				9CD5909E2B2F00C7008D4F76 /* XCRemoteSwiftPackageReference "SDWebImage" */,
				9CCA563C2B442C1800635980 /* XCRemoteSwiftPackageReference "swift-package-manager-google-mobile-ads" */,
			);
			productRefGroup = 20D834D32B286767001E2FE8 /* Products */;
			projectDirPath = "";
			projectRoot = "";
			targets = (
				20D834D12B286767001E2FE8 /* NewsFeed */,
				20D834E72B28676A001E2FE8 /* NewsFeedTests */,
				20D834F12B28676A001E2FE8 /* NewsFeedUITests */,
			);
		};
/* End PBXProject section */

/* Begin PBXResourcesBuildPhase section */
		20D834D02B286767001E2FE8 /* Resources */ = {
			isa = PBXResourcesBuildPhase;
			buildActionMask = 2147483647;
			files = (
				20D834E22B286769001E2FE8 /* LaunchScreen.storyboard in Resources */,
				20D834DF2B286769001E2FE8 /* Assets.xcassets in Resources */,
			);
			runOnlyForDeploymentPostprocessing = 0;
		};
		20D834E62B28676A001E2FE8 /* Resources */ = {
			isa = PBXResourcesBuildPhase;
			buildActionMask = 2147483647;
			files = (
			);
			runOnlyForDeploymentPostprocessing = 0;
		};
		20D834F02B28676A001E2FE8 /* Resources */ = {
			isa = PBXResourcesBuildPhase;
			buildActionMask = 2147483647;
			files = (
			);
			runOnlyForDeploymentPostprocessing = 0;
		};
/* End PBXResourcesBuildPhase section */

/* Begin PBXSourcesBuildPhase section */
		20D834CE2B286767001E2FE8 /* Sources */ = {
			isa = PBXSourcesBuildPhase;
			buildActionMask = 2147483647;
			files = (
				20D835222B2A5E10001E2FE8 /* NewsReadViewController.swift in Sources */,
				203808C92B3ECE4500E6C05A /* SmallNewsCell.swift in Sources */,
				9C0646202B3F250C00A36AE8 /* GoogleAdManager.swift in Sources */,
				20D8350F2B288A97001E2FE8 /* TitleConstants.swift in Sources */,
				20D835192B289838001E2FE8 /* Color+Extension.swift in Sources */,
				9C026D932B3F5A1400673BC2 /* NativeAdViewProg.swift in Sources */,
				9C07503F2B2EE45A00B0025E /* RssSourse.swift in Sources */,
				9C0750412B2EF4D300B0025E /* Date+Extension.swift in Sources */,
				9C0646132B3DFF0D00A36AE8 /* NewsCellFull.swift in Sources */,
				20D835132B288CA4001E2FE8 /* SearchViewController.swift in Sources */,
				9C0646112B3DFEFC00A36AE8 /* NewsCellShort.swift in Sources */,
				9C0646152B3DFF1800A36AE8 /* NewsCellMedium.swift in Sources */,
				20D835172B288DC7001E2FE8 /* BellViewController.swift in Sources */,
				20D8352E2B2B69F4001E2FE8 /* NewsListViewModel.swift in Sources */,
				20D834DA2B286767001E2FE8 /* TabBarController.swift in Sources */,
				9C06461C2B3F156A00A36AE8 /* AdGoogleCell.swift in Sources */,
				9CCA56422B44436800635980 /* BaseCell.swift in Sources */,
				20D834D62B286767001E2FE8 /* AppDelegate.swift in Sources */,
				9C3C64FF2B2F72EB00FF7594 /* String+Extension.swift in Sources */,
				20D8352C2B2B5B59001E2FE8 /* RSSModel.swift in Sources */,
				20D834D82B286767001E2FE8 /* SceneDelegate.swift in Sources */,
				9C06460F2B3DB5DD00A36AE8 /* NetworkMonitor.swift in Sources */,
				9C3C650E2B308D7A00FF7594 /* SavedVCViewModel.swift in Sources */,
				20D8350D2B28889C001E2FE8 /* ImageConstants.swift in Sources */,
				20D835152B288D47001E2FE8 /* SavedViewController.swift in Sources */,
				20D8351B2B2907D4001E2FE8 /* NavigationController+Extension.swift in Sources */,
				9C0646172B3EE50F00A36AE8 /* SearchViewModel.swift in Sources */,
				9C3C64FD2B2F550C00FF7594 /* NetworkErrors.swift in Sources */,
				9C3C650C2B30616800FF7594 /* CoreDataManager.swift in Sources */,
				20D8352A2B2B3739001E2FE8 /* NetworkManager.swift in Sources */,
				9C3C65062B30508700FF7594 /* NewsFeed.xcdatamodeld in Sources */,
				9C3C65092B30526900FF7594 /* RssItem+CoreDataClass.swift in Sources */,
				20D835112B288B4B001E2FE8 /* NewsListViewController.swift in Sources */,
			);
			runOnlyForDeploymentPostprocessing = 0;
		};
		20D834E42B28676A001E2FE8 /* Sources */ = {
			isa = PBXSourcesBuildPhase;
			buildActionMask = 2147483647;
			files = (
				9CCA56402B442C7C00635980 /* CoreDataTests.swift in Sources */,
				20D834ED2B28676A001E2FE8 /* NewsFeedTests.swift in Sources */,
			);
			runOnlyForDeploymentPostprocessing = 0;
		};
		20D834EE2B28676A001E2FE8 /* Sources */ = {
			isa = PBXSourcesBuildPhase;
			buildActionMask = 2147483647;
			files = (
				20D834F72B28676A001E2FE8 /* NewsFeedUITests.swift in Sources */,
			);
			runOnlyForDeploymentPostprocessing = 0;
		};
/* End PBXSourcesBuildPhase section */

/* Begin PBXTargetDependency section */
		20D834EA2B28676A001E2FE8 /* PBXTargetDependency */ = {
			isa = PBXTargetDependency;
			target = 20D834D12B286767001E2FE8 /* NewsFeed */;
			targetProxy = 20D834E92B28676A001E2FE8 /* PBXContainerItemProxy */;
		};
		20D834F42B28676A001E2FE8 /* PBXTargetDependency */ = {
			isa = PBXTargetDependency;
			target = 20D834D12B286767001E2FE8 /* NewsFeed */;
			targetProxy = 20D834F32B28676A001E2FE8 /* PBXContainerItemProxy */;
		};
/* End PBXTargetDependency section */

/* Begin PBXVariantGroup section */
		20D834E02B286769001E2FE8 /* LaunchScreen.storyboard */ = {
			isa = PBXVariantGroup;
			children = (
				20D834E12B286769001E2FE8 /* Base */,
			);
			name = LaunchScreen.storyboard;
			sourceTree = "<group>";
		};
/* End PBXVariantGroup section */

/* Begin XCBuildConfiguration section */
		20D834FA2B28676A001E2FE8 /* Debug */ = {
			isa = XCBuildConfiguration;
			buildSettings = {
				ALWAYS_SEARCH_USER_PATHS = NO;
				ASSETCATALOG_COMPILER_GENERATE_SWIFT_ASSET_SYMBOL_EXTENSIONS = YES;
				CLANG_ANALYZER_NONNULL = YES;
				CLANG_ANALYZER_NUMBER_OBJECT_CONVERSION = YES_AGGRESSIVE;
				CLANG_CXX_LANGUAGE_STANDARD = "gnu++20";
				CLANG_ENABLE_MODULES = YES;
				CLANG_ENABLE_OBJC_ARC = YES;
				CLANG_ENABLE_OBJC_WEAK = YES;
				CLANG_WARN_BLOCK_CAPTURE_AUTORELEASING = YES;
				CLANG_WARN_BOOL_CONVERSION = YES;
				CLANG_WARN_COMMA = YES;
				CLANG_WARN_CONSTANT_CONVERSION = YES;
				CLANG_WARN_DEPRECATED_OBJC_IMPLEMENTATIONS = YES;
				CLANG_WARN_DIRECT_OBJC_ISA_USAGE = YES_ERROR;
				CLANG_WARN_DOCUMENTATION_COMMENTS = YES;
				CLANG_WARN_EMPTY_BODY = YES;
				CLANG_WARN_ENUM_CONVERSION = YES;
				CLANG_WARN_INFINITE_RECURSION = YES;
				CLANG_WARN_INT_CONVERSION = YES;
				CLANG_WARN_NON_LITERAL_NULL_CONVERSION = YES;
				CLANG_WARN_OBJC_IMPLICIT_RETAIN_SELF = YES;
				CLANG_WARN_OBJC_LITERAL_CONVERSION = YES;
				CLANG_WARN_OBJC_ROOT_CLASS = YES_ERROR;
				CLANG_WARN_QUOTED_INCLUDE_IN_FRAMEWORK_HEADER = YES;
				CLANG_WARN_RANGE_LOOP_ANALYSIS = YES;
				CLANG_WARN_STRICT_PROTOTYPES = YES;
				CLANG_WARN_SUSPICIOUS_MOVE = YES;
				CLANG_WARN_UNGUARDED_AVAILABILITY = YES_AGGRESSIVE;
				CLANG_WARN_UNREACHABLE_CODE = YES;
				CLANG_WARN__DUPLICATE_METHOD_MATCH = YES;
				COPY_PHASE_STRIP = NO;
				DEBUG_INFORMATION_FORMAT = dwarf;
				ENABLE_STRICT_OBJC_MSGSEND = YES;
				ENABLE_TESTABILITY = YES;
				ENABLE_USER_SCRIPT_SANDBOXING = YES;
				GCC_C_LANGUAGE_STANDARD = gnu17;
				GCC_DYNAMIC_NO_PIC = NO;
				GCC_NO_COMMON_BLOCKS = YES;
				GCC_OPTIMIZATION_LEVEL = 0;
				GCC_PREPROCESSOR_DEFINITIONS = (
					"DEBUG=1",
					"$(inherited)",
				);
				GCC_WARN_64_TO_32_BIT_CONVERSION = YES;
				GCC_WARN_ABOUT_RETURN_TYPE = YES_ERROR;
				GCC_WARN_UNDECLARED_SELECTOR = YES;
				GCC_WARN_UNINITIALIZED_AUTOS = YES_AGGRESSIVE;
				GCC_WARN_UNUSED_FUNCTION = YES;
				GCC_WARN_UNUSED_VARIABLE = YES;
				IPHONEOS_DEPLOYMENT_TARGET = 17.0;
				LOCALIZATION_PREFERS_STRING_CATALOGS = YES;
				MTL_ENABLE_DEBUG_INFO = INCLUDE_SOURCE;
				MTL_FAST_MATH = YES;
				ONLY_ACTIVE_ARCH = YES;
				"OTHER_LDFLAGS[arch=*]" = "-ObjC";
				SDKROOT = iphoneos;
				SWIFT_ACTIVE_COMPILATION_CONDITIONS = "DEBUG $(inherited)";
				SWIFT_OPTIMIZATION_LEVEL = "-Onone";
			};
			name = Debug;
		};
		20D834FB2B28676A001E2FE8 /* Release */ = {
			isa = XCBuildConfiguration;
			buildSettings = {
				ALWAYS_SEARCH_USER_PATHS = NO;
				ASSETCATALOG_COMPILER_GENERATE_SWIFT_ASSET_SYMBOL_EXTENSIONS = YES;
				CLANG_ANALYZER_NONNULL = YES;
				CLANG_ANALYZER_NUMBER_OBJECT_CONVERSION = YES_AGGRESSIVE;
				CLANG_CXX_LANGUAGE_STANDARD = "gnu++20";
				CLANG_ENABLE_MODULES = YES;
				CLANG_ENABLE_OBJC_ARC = YES;
				CLANG_ENABLE_OBJC_WEAK = YES;
				CLANG_WARN_BLOCK_CAPTURE_AUTORELEASING = YES;
				CLANG_WARN_BOOL_CONVERSION = YES;
				CLANG_WARN_COMMA = YES;
				CLANG_WARN_CONSTANT_CONVERSION = YES;
				CLANG_WARN_DEPRECATED_OBJC_IMPLEMENTATIONS = YES;
				CLANG_WARN_DIRECT_OBJC_ISA_USAGE = YES_ERROR;
				CLANG_WARN_DOCUMENTATION_COMMENTS = YES;
				CLANG_WARN_EMPTY_BODY = YES;
				CLANG_WARN_ENUM_CONVERSION = YES;
				CLANG_WARN_INFINITE_RECURSION = YES;
				CLANG_WARN_INT_CONVERSION = YES;
				CLANG_WARN_NON_LITERAL_NULL_CONVERSION = YES;
				CLANG_WARN_OBJC_IMPLICIT_RETAIN_SELF = YES;
				CLANG_WARN_OBJC_LITERAL_CONVERSION = YES;
				CLANG_WARN_OBJC_ROOT_CLASS = YES_ERROR;
				CLANG_WARN_QUOTED_INCLUDE_IN_FRAMEWORK_HEADER = YES;
				CLANG_WARN_RANGE_LOOP_ANALYSIS = YES;
				CLANG_WARN_STRICT_PROTOTYPES = YES;
				CLANG_WARN_SUSPICIOUS_MOVE = YES;
				CLANG_WARN_UNGUARDED_AVAILABILITY = YES_AGGRESSIVE;
				CLANG_WARN_UNREACHABLE_CODE = YES;
				CLANG_WARN__DUPLICATE_METHOD_MATCH = YES;
				COPY_PHASE_STRIP = NO;
				DEBUG_INFORMATION_FORMAT = "dwarf-with-dsym";
				ENABLE_NS_ASSERTIONS = NO;
				ENABLE_STRICT_OBJC_MSGSEND = YES;
				ENABLE_USER_SCRIPT_SANDBOXING = YES;
				GCC_C_LANGUAGE_STANDARD = gnu17;
				GCC_NO_COMMON_BLOCKS = YES;
				GCC_WARN_64_TO_32_BIT_CONVERSION = YES;
				GCC_WARN_ABOUT_RETURN_TYPE = YES_ERROR;
				GCC_WARN_UNDECLARED_SELECTOR = YES;
				GCC_WARN_UNINITIALIZED_AUTOS = YES_AGGRESSIVE;
				GCC_WARN_UNUSED_FUNCTION = YES;
				GCC_WARN_UNUSED_VARIABLE = YES;
				IPHONEOS_DEPLOYMENT_TARGET = 17.0;
				LOCALIZATION_PREFERS_STRING_CATALOGS = YES;
				MTL_ENABLE_DEBUG_INFO = NO;
				MTL_FAST_MATH = YES;
				"OTHER_LDFLAGS[arch=*]" = "-ObjC";
				SDKROOT = iphoneos;
				SWIFT_COMPILATION_MODE = wholemodule;
				VALIDATE_PRODUCT = YES;
			};
			name = Release;
		};
		20D834FD2B28676A001E2FE8 /* Debug */ = {
			isa = XCBuildConfiguration;
			buildSettings = {
				ASSETCATALOG_COMPILER_APPICON_NAME = AppIcon;
				ASSETCATALOG_COMPILER_GLOBAL_ACCENT_COLOR_NAME = AccentColor;
				CODE_SIGN_STYLE = Automatic;
				CURRENT_PROJECT_VERSION = 1;
				DEVELOPMENT_TEAM = XUD463Y658;
				GENERATE_INFOPLIST_FILE = YES;
				INFOPLIST_FILE = NewsFeed/Resourses/Info.plist;
				INFOPLIST_KEY_UIApplicationSupportsIndirectInputEvents = YES;
				INFOPLIST_KEY_UILaunchStoryboardName = LaunchScreen;
				INFOPLIST_KEY_UISupportedInterfaceOrientations_iPad = "UIInterfaceOrientationPortrait UIInterfaceOrientationPortraitUpsideDown UIInterfaceOrientationLandscapeLeft UIInterfaceOrientationLandscapeRight";
				INFOPLIST_KEY_UISupportedInterfaceOrientations_iPhone = "UIInterfaceOrientationPortrait UIInterfaceOrientationLandscapeLeft UIInterfaceOrientationLandscapeRight";
				LD_RUNPATH_SEARCH_PATHS = (
					"$(inherited)",
					"@executable_path/Frameworks",
				);
				MARKETING_VERSION = 1.0;
				PRODUCT_BUNDLE_IDENTIFIER = sova.NewsFeed;
				PRODUCT_NAME = "$(TARGET_NAME)";
				SWIFT_EMIT_LOC_STRINGS = YES;
				SWIFT_VERSION = 5.0;
				TARGETED_DEVICE_FAMILY = "1,2";
			};
			name = Debug;
		};
		20D834FE2B28676A001E2FE8 /* Release */ = {
			isa = XCBuildConfiguration;
			buildSettings = {
				ASSETCATALOG_COMPILER_APPICON_NAME = AppIcon;
				ASSETCATALOG_COMPILER_GLOBAL_ACCENT_COLOR_NAME = AccentColor;
				CODE_SIGN_STYLE = Automatic;
				CURRENT_PROJECT_VERSION = 1;
				DEVELOPMENT_TEAM = XUD463Y658;
				GENERATE_INFOPLIST_FILE = YES;
				INFOPLIST_FILE = NewsFeed/Resourses/Info.plist;
				INFOPLIST_KEY_UIApplicationSupportsIndirectInputEvents = YES;
				INFOPLIST_KEY_UILaunchStoryboardName = LaunchScreen;
				INFOPLIST_KEY_UISupportedInterfaceOrientations_iPad = "UIInterfaceOrientationPortrait UIInterfaceOrientationPortraitUpsideDown UIInterfaceOrientationLandscapeLeft UIInterfaceOrientationLandscapeRight";
				INFOPLIST_KEY_UISupportedInterfaceOrientations_iPhone = "UIInterfaceOrientationPortrait UIInterfaceOrientationLandscapeLeft UIInterfaceOrientationLandscapeRight";
				LD_RUNPATH_SEARCH_PATHS = (
					"$(inherited)",
					"@executable_path/Frameworks",
				);
				MARKETING_VERSION = 1.0;
				PRODUCT_BUNDLE_IDENTIFIER = sova.NewsFeed;
				PRODUCT_NAME = "$(TARGET_NAME)";
				SWIFT_EMIT_LOC_STRINGS = YES;
				SWIFT_VERSION = 5.0;
				TARGETED_DEVICE_FAMILY = "1,2";
			};
			name = Release;
		};
		20D835002B28676A001E2FE8 /* Debug */ = {
			isa = XCBuildConfiguration;
			buildSettings = {
				ALWAYS_EMBED_SWIFT_STANDARD_LIBRARIES = YES;
				BUNDLE_LOADER = "$(TEST_HOST)";
				CODE_SIGN_STYLE = Automatic;
				CURRENT_PROJECT_VERSION = 1;
				DEVELOPMENT_TEAM = XUD463Y658;
				GENERATE_INFOPLIST_FILE = YES;
				IPHONEOS_DEPLOYMENT_TARGET = 17.0;
				MARKETING_VERSION = 1.0;
				PRODUCT_BUNDLE_IDENTIFIER = sova.NewsFeedTests;
				PRODUCT_NAME = "$(TARGET_NAME)";
				SWIFT_EMIT_LOC_STRINGS = NO;
				SWIFT_VERSION = 5.0;
				TARGETED_DEVICE_FAMILY = "1,2";
				TEST_HOST = "$(BUILT_PRODUCTS_DIR)/NewsFeed.app/$(BUNDLE_EXECUTABLE_FOLDER_PATH)/NewsFeed";
			};
			name = Debug;
		};
		20D835012B28676A001E2FE8 /* Release */ = {
			isa = XCBuildConfiguration;
			buildSettings = {
				ALWAYS_EMBED_SWIFT_STANDARD_LIBRARIES = YES;
				BUNDLE_LOADER = "$(TEST_HOST)";
				CODE_SIGN_STYLE = Automatic;
				CURRENT_PROJECT_VERSION = 1;
				DEVELOPMENT_TEAM = XUD463Y658;
				GENERATE_INFOPLIST_FILE = YES;
				IPHONEOS_DEPLOYMENT_TARGET = 17.0;
				MARKETING_VERSION = 1.0;
				PRODUCT_BUNDLE_IDENTIFIER = sova.NewsFeedTests;
				PRODUCT_NAME = "$(TARGET_NAME)";
				SWIFT_EMIT_LOC_STRINGS = NO;
				SWIFT_VERSION = 5.0;
				TARGETED_DEVICE_FAMILY = "1,2";
				TEST_HOST = "$(BUILT_PRODUCTS_DIR)/NewsFeed.app/$(BUNDLE_EXECUTABLE_FOLDER_PATH)/NewsFeed";
			};
			name = Release;
		};
		20D835032B28676A001E2FE8 /* Debug */ = {
			isa = XCBuildConfiguration;
			buildSettings = {
				ALWAYS_EMBED_SWIFT_STANDARD_LIBRARIES = YES;
				CODE_SIGN_STYLE = Automatic;
				CURRENT_PROJECT_VERSION = 1;
				DEVELOPMENT_TEAM = XUD463Y658;
				GENERATE_INFOPLIST_FILE = YES;
				MARKETING_VERSION = 1.0;
				PRODUCT_BUNDLE_IDENTIFIER = sova.NewsFeedUITests;
				PRODUCT_NAME = "$(TARGET_NAME)";
				SWIFT_EMIT_LOC_STRINGS = NO;
				SWIFT_VERSION = 5.0;
				TARGETED_DEVICE_FAMILY = "1,2";
				TEST_TARGET_NAME = NewsFeed;
			};
			name = Debug;
		};
		20D835042B28676A001E2FE8 /* Release */ = {
			isa = XCBuildConfiguration;
			buildSettings = {
				ALWAYS_EMBED_SWIFT_STANDARD_LIBRARIES = YES;
				CODE_SIGN_STYLE = Automatic;
				CURRENT_PROJECT_VERSION = 1;
				DEVELOPMENT_TEAM = XUD463Y658;
				GENERATE_INFOPLIST_FILE = YES;
				MARKETING_VERSION = 1.0;
				PRODUCT_BUNDLE_IDENTIFIER = sova.NewsFeedUITests;
				PRODUCT_NAME = "$(TARGET_NAME)";
				SWIFT_EMIT_LOC_STRINGS = NO;
				SWIFT_VERSION = 5.0;
				TARGETED_DEVICE_FAMILY = "1,2";
				TEST_TARGET_NAME = NewsFeed;
			};
			name = Release;
		};
/* End XCBuildConfiguration section */

/* Begin XCConfigurationList section */
		20D834CD2B286767001E2FE8 /* Build configuration list for PBXProject "NewsFeed" */ = {
			isa = XCConfigurationList;
			buildConfigurations = (
				20D834FA2B28676A001E2FE8 /* Debug */,
				20D834FB2B28676A001E2FE8 /* Release */,
			);
			defaultConfigurationIsVisible = 0;
			defaultConfigurationName = Release;
		};
		20D834FC2B28676A001E2FE8 /* Build configuration list for PBXNativeTarget "NewsFeed" */ = {
			isa = XCConfigurationList;
			buildConfigurations = (
				20D834FD2B28676A001E2FE8 /* Debug */,
				20D834FE2B28676A001E2FE8 /* Release */,
			);
			defaultConfigurationIsVisible = 0;
			defaultConfigurationName = Release;
		};
		20D834FF2B28676A001E2FE8 /* Build configuration list for PBXNativeTarget "NewsFeedTests" */ = {
			isa = XCConfigurationList;
			buildConfigurations = (
				20D835002B28676A001E2FE8 /* Debug */,
				20D835012B28676A001E2FE8 /* Release */,
			);
			defaultConfigurationIsVisible = 0;
			defaultConfigurationName = Release;
		};
		20D835022B28676A001E2FE8 /* Build configuration list for PBXNativeTarget "NewsFeedUITests" */ = {
			isa = XCConfigurationList;
			buildConfigurations = (
				20D835032B28676A001E2FE8 /* Debug */,
				20D835042B28676A001E2FE8 /* Release */,
			);
			defaultConfigurationIsVisible = 0;
			defaultConfigurationName = Release;
		};
/* End XCConfigurationList section */

/* Begin XCRemoteSwiftPackageReference section */
		20D835252B2B35D6001E2FE8 /* XCRemoteSwiftPackageReference "Alamofire" */ = {
			isa = XCRemoteSwiftPackageReference;
			repositoryURL = "https://github.com/Alamofire/Alamofire.git";
			requirement = {
				kind = upToNextMajorVersion;
				minimumVersion = 5.8.1;
			};
		};
		20D835312B2CF79A001E2FE8 /* XCRemoteSwiftPackageReference "FeedKit" */ = {
			isa = XCRemoteSwiftPackageReference;
			repositoryURL = "https://github.com/nmdias/FeedKit.git";
			requirement = {
				kind = upToNextMajorVersion;
				minimumVersion = 9.1.2;
			};
		};
		9CCA563C2B442C1800635980 /* XCRemoteSwiftPackageReference "swift-package-manager-google-mobile-ads" */ = {
			isa = XCRemoteSwiftPackageReference;
			repositoryURL = "https://github.com/googleads/swift-package-manager-google-mobile-ads.git";
			requirement = {
				kind = upToNextMinorVersion;
				minimumVersion = 10.14.0;
			};
		};
		9CD5909E2B2F00C7008D4F76 /* XCRemoteSwiftPackageReference "SDWebImage" */ = {
			isa = XCRemoteSwiftPackageReference;
			repositoryURL = "https://github.com/SDWebImage/SDWebImage";
			requirement = {
				kind = upToNextMinorVersion;
				minimumVersion = 5.18.7;
			};
		};
/* End XCRemoteSwiftPackageReference section */

/* Begin XCSwiftPackageProductDependency section */
		203808CB2B40193D00E6C05A /* Alamofire */ = {
			isa = XCSwiftPackageProductDependency;
			package = 20D835252B2B35D6001E2FE8 /* XCRemoteSwiftPackageReference "Alamofire" */;
			productName = Alamofire;
		};
		203808CD2B40194200E6C05A /* FeedKit */ = {
			isa = XCSwiftPackageProductDependency;
			package = 20D835312B2CF79A001E2FE8 /* XCRemoteSwiftPackageReference "FeedKit" */;
			productName = FeedKit;
		};
		203808CF2B40194700E6C05A /* SDWebImage */ = {
			isa = XCSwiftPackageProductDependency;
			package = 9CD5909E2B2F00C7008D4F76 /* XCRemoteSwiftPackageReference "SDWebImage" */;
			productName = SDWebImage;
		};
		203808D52B40199300E6C05A /* Alamofire */ = {
			isa = XCSwiftPackageProductDependency;
			package = 20D835252B2B35D6001E2FE8 /* XCRemoteSwiftPackageReference "Alamofire" */;
			productName = Alamofire;
		};
		203808D72B40199800E6C05A /* FeedKit */ = {
			isa = XCSwiftPackageProductDependency;
			package = 20D835312B2CF79A001E2FE8 /* XCRemoteSwiftPackageReference "FeedKit" */;
			productName = FeedKit;
		};
		203808D92B4019A200E6C05A /* SDWebImage */ = {
			isa = XCSwiftPackageProductDependency;
			package = 9CD5909E2B2F00C7008D4F76 /* XCRemoteSwiftPackageReference "SDWebImage" */;
			productName = SDWebImage;
		};
		203808DB2B4019A900E6C05A /* SDWebImageMapKit */ = {
			isa = XCSwiftPackageProductDependency;
			package = 9CD5909E2B2F00C7008D4F76 /* XCRemoteSwiftPackageReference "SDWebImage" */;
			productName = SDWebImageMapKit;
		};
		20D835262B2B35D6001E2FE8 /* Alamofire */ = {
			isa = XCSwiftPackageProductDependency;
			package = 20D835252B2B35D6001E2FE8 /* XCRemoteSwiftPackageReference "Alamofire" */;
			productName = Alamofire;
		};
		20D835322B2CF79A001E2FE8 /* FeedKit */ = {
			isa = XCSwiftPackageProductDependency;
			package = 20D835312B2CF79A001E2FE8 /* XCRemoteSwiftPackageReference "FeedKit" */;
			productName = FeedKit;
		};
		9CCA563D2B442C1800635980 /* GoogleMobileAds */ = {
			isa = XCSwiftPackageProductDependency;
			package = 9CCA563C2B442C1800635980 /* XCRemoteSwiftPackageReference "swift-package-manager-google-mobile-ads" */;
			productName = GoogleMobileAds;
		};
		9CD5909F2B2F00C7008D4F76 /* SDWebImage */ = {
			isa = XCSwiftPackageProductDependency;
			package = 9CD5909E2B2F00C7008D4F76 /* XCRemoteSwiftPackageReference "SDWebImage" */;
			productName = SDWebImage;
		};
		9CD590A12B2F00C7008D4F76 /* SDWebImageMapKit */ = {
			isa = XCSwiftPackageProductDependency;
			package = 9CD5909E2B2F00C7008D4F76 /* XCRemoteSwiftPackageReference "SDWebImage" */;
			productName = SDWebImageMapKit;
		};
/* End XCSwiftPackageProductDependency section */

/* Begin XCVersionGroup section */
		9C3C65042B30508700FF7594 /* NewsFeed.xcdatamodeld */ = {
			isa = XCVersionGroup;
			children = (
				9C3C65052B30508700FF7594 /* NewsFeed.xcdatamodel */,
			);
			currentVersion = 9C3C65052B30508700FF7594 /* NewsFeed.xcdatamodel */;
			path = NewsFeed.xcdatamodeld;
			sourceTree = "<group>";
			versionGroupType = wrapper.xcdatamodel;
		};
/* End XCVersionGroup section */
	};
	rootObject = 20D834CA2B286767001E2FE8 /* Project object */;
}
